
Microsoft Visual Studio Solution File, Format Version 12.00
# Visual Studio Version 17
VisualStudioVersion = 17.14.37111.16 d17.14
MinimumVisualStudioVersion = 10.0.40219.1
Project("{FAE04EC0-301F-11D3-BF4B-00C04F79EFBC}") = "lab№1", "lab№1\lab№1.csproj", "{3F474ADD-CC41-420F-9E8F-9D6C511E7FE9}"
EndProject
Project("{FAE04EC0-301F-11D3-BF4B-00C04F79EFBC}") = "lab", "lab\lab.csproj", "{AAA43F45-AB4E-4D4F-B85D-82DFB7562314}"
EndProject
Global
	GlobalSection(SolutionConfigurationPlatforms) = preSolution
		Debug|Any CPU = Debug|Any CPU
		Release|Any CPU = Release|Any CPU
	EndGlobalSection
	GlobalSection(ProjectConfigurationPlatforms) = postSolution
		{3F474ADD-CC41-420F-9E8F-9D6C511E7FE9}.Debug|Any CPU.ActiveCfg = Debug|Any CPU
		{3F474ADD-CC41-420F-9E8F-9D6C511E7FE9}.Debug|Any CPU.Build.0 = Debug|Any CPU
		{3F474ADD-CC41-420F-9E8F-9D6C511E7FE9}.Release|Any CPU.ActiveCfg = Release|Any CPU
		{3F474ADD-CC41-420F-9E8F-9D6C511E7FE9}.Release|Any CPU.Build.0 = Release|Any CPU
		{AAA43F45-AB4E-4D4F-B85D-82DFB7562314}.Debug|Any CPU.ActiveCfg = Debug|Any CPU
		{AAA43F45-AB4E-4D4F-B85D-82DFB7562314}.Debug|Any CPU.Build.0 = Debug|Any CPU
		{AAA43F45-AB4E-4D4F-B85D-82DFB7562314}.Release|Any CPU.ActiveCfg = Release|Any CPU
		{AAA43F45-AB4E-4D4F-B85D-82DFB7562314}.Release|Any CPU.Build.0 = Release|Any CPU
	EndGlobalSection
	GlobalSection(SolutionProperties) = preSolution
		HideSolutionNode = FALSE
	EndGlobalSection
	GlobalSection(ExtensibilityGlobals) = postSolution
		SolutionGuid = {DC222DB7-6AD8-4F09-B237-410A18993DB2}
	EndGlobalSection
EndGlobal
